<?xml version="1.0" encoding="utf-8"?>
<Project ToolsVersion="4.0" xmlns="http://schemas.microsoft.com/developer/msbuild/2003">
  <ItemGroup>
    <Filter Include="リソース ファイル">
      <UniqueIdentifier>{67DA6AB6-F800-4c08-8B7A-83BB121AAD01}</UniqueIdentifier>
      <Extensions>rc;ico;cur;bmp;dlg;rc2;rct;bin;rgs;gif;jpg;jpeg;jpe;resx;tiff;tif;png;wav;mfcribbon-ms</Extensions>
    </Filter>
    <Filter Include="GameObjects">
      <UniqueIdentifier>{455f0d31-5d76-45ef-b087-b0f9a5e5b735}</UniqueIdentifier>
    </Filter>
    <Filter Include="Scenes">
      <UniqueIdentifier>{cd89a558-8baa-458c-bf64-1948398e3eb3}</UniqueIdentifier>
    </Filter>
    <Filter Include="General">
      <UniqueIdentifier>{e4d11fd0-6ad7-494c-b984-f9141ee88cda}</UniqueIdentifier>
    </Filter>
    <Filter Include="GameObjects\Collider">
      <UniqueIdentifier>{01b8360c-ed2e-43b7-8ed9-3d02cedfc190}</UniqueIdentifier>
    </Filter>
    <Filter Include="Uncategorized">
      <UniqueIdentifier>{f9e83647-bc24-4ad2-802f-228e5b335d0c}</UniqueIdentifier>
    </Filter>
    <Filter Include="GameObjects\Gimmicks">
      <UniqueIdentifier>{8e200853-a79d-47bd-8a72-3499b4e28ee3}</UniqueIdentifier>
    </Filter>
    <Filter Include="GameObjects\Enemys">
      <UniqueIdentifier>{ee60d94a-90b1-4d43-8ada-ea9d12556e28}</UniqueIdentifier>
    </Filter>
  </ItemGroup>
  <ItemGroup>
    <ClCompile Include="Source\GameObjects\Bullet.cpp">
      <Filter>GameObjects</Filter>
    </ClCompile>
    <ClCompile Include="Source\GameObjects\GameObject.cpp">
      <Filter>GameObjects</Filter>
    </ClCompile>
    <ClCompile Include="Source\Scenes\SceneTitle.cpp">
      <Filter>Scenes</Filter>
    </ClCompile>
    <ClCompile Include="Source\Scenes\SceneManager.cpp">
      <Filter>Scenes</Filter>
    </ClCompile>
    <ClCompile Include="Source\Scenes\SceneMain.cpp">
      <Filter>Scenes</Filter>
    </ClCompile>
    <ClCompile Include="Source\Scenes\SceneBase.cpp">
      <Filter>Scenes</Filter>
    </ClCompile>
    <ClCompile Include="Source\Geometry.cpp">
      <Filter>General</Filter>
    </ClCompile>
    <ClCompile Include="Source\Input.cpp">
      <Filter>General</Filter>
    </ClCompile>
    <ClCompile Include="Source\Animation.cpp">
      <Filter>General</Filter>
    </ClCompile>
    <ClCompile Include="Source\Scenes\DebugScene.cpp">
      <Filter>Scenes</Filter>
    </ClCompile>
    <ClCompile Include="Source\BoxCollider.cpp">
      <Filter>GameObjects\Collider</Filter>
    </ClCompile>
    <ClCompile Include="Source\CircleCollider.cpp">
      <Filter>GameObjects\Collider</Filter>
    </ClCompile>
    <ClCompile Include="Source\Collider.cpp">
      <Filter>GameObjects\Collider</Filter>
    </ClCompile>
    <ClCompile Include="Source\Map.cpp">
      <Filter>Uncategorized</Filter>
    </ClCompile>
    <ClCompile Include="Source\main.cpp">
      <Filter>Uncategorized</Filter>
    </ClCompile>
    <ClCompile Include="Source\Application.cpp">
      <Filter>Uncategorized</Filter>
    </ClCompile>
    <ClCompile Include="Source\Camera.cpp">
      <Filter>Uncategorized</Filter>
    </ClCompile>
    <ClCompile Include="Source\Scenes\SceneStageSelect.cpp">
      <Filter>Scenes</Filter>
    </ClCompile>
    <ClCompile Include="Source\GameObjects\Enemy.cpp">
      <Filter>GameObjects\Enemys</Filter>
    </ClCompile>
    <ClCompile Include="Source\GameObjects\FlyEnemy.cpp">
      <Filter>GameObjects\Enemys</Filter>
    </ClCompile>
    <ClCompile Include="Source\GameObjects\JumpEnemy.cpp">
      <Filter>GameObjects\Enemys</Filter>
    </ClCompile>
    <ClCompile Include="Source\GameObjects\WalkEnemy.cpp">
      <Filter>GameObjects\Enemys</Filter>
    </ClCompile>
    <ClCompile Include="Source\GameObjects\Item.cpp">
      <Filter>GameObjects</Filter>
    </ClCompile>
    <ClCompile Include="Source\GameObjects\Gimmick.cpp">
      <Filter>GameObjects\Gimmicks</Filter>
    </ClCompile>
    <ClCompile Include="Source\GameObjects\Laser.cpp">
      <Filter>GameObjects\Gimmicks</Filter>
    </ClCompile>
    <ClCompile Include="Source\Scenes\SceneClear.cpp">
      <Filter>Scenes</Filter>
    </ClCompile>
    <ClCompile Include="Source\GameObjects\ClearFlag.cpp">
      <Filter>GameObjects</Filter>
    </ClCompile>
    <ClCompile Include="Source\GameObjects\Boss.cpp">
      <Filter>GameObjects\Enemys</Filter>
    </ClCompile>
    <ClCompile Include="Source\Scenes\SceneGameOver.cpp">
      <Filter>Scenes</Filter>
    </ClCompile>
    <ClCompile Include="Source\HPUI.cpp" />
    <ClCompile Include="Source\Bg.cpp" />
    <ClCompile Include="Source\BossHPUI.cpp" />
    <ClCompile Include="Source\EnemyManager.cpp" />
    <ClCompile Include="Source\Fade.cpp" />
    <ClCompile Include="Source\GameObjects\Player.cpp">
      <Filter>GameObjects</Filter>
    </ClCompile>
  </ItemGroup>
  <ItemGroup>
    <ClInclude Include="Source\GameObjects\Bullet.h">
      <Filter>GameObjects</Filter>
    </ClInclude>
    <ClInclude Include="Source\GameObjects\GameObject.h">
      <Filter>GameObjects</Filter>
    </ClInclude>
    <ClInclude Include="Source\Scenes\SceneTitle.h">
      <Filter>Scenes</Filter>
    </ClInclude>
    <ClInclude Include="Source\Scenes\SceneManager.h">
      <Filter>Scenes</Filter>
    </ClInclude>
    <ClInclude Include="Source\Scenes\SceneMain.h">
      <Filter>Scenes</Filter>
    </ClInclude>
    <ClInclude Include="Source\Scenes\SceneBase.h">
      <Filter>Scenes</Filter>
    </ClInclude>
    <ClInclude Include="Source\Geometry.h">
      <Filter>General</Filter>
    </ClInclude>
    <ClInclude Include="Source\Animation.h">
      <Filter>General</Filter>
    </ClInclude>
    <ClInclude Include="Source\Scenes\DebugScene.h">
      <Filter>Scenes</Filter>
    </ClInclude>
    <ClInclude Include="Source\BoxCollider.h">
      <Filter>GameObjects\Collider</Filter>
    </ClInclude>
    <ClInclude Include="Source\CircleCollider.h">
      <Filter>GameObjects\Collider</Filter>
    </ClInclude>
    <ClInclude Include="Source\Collider.h">
      <Filter>GameObjects\Collider</Filter>
    </ClInclude>
    <ClInclude Include="Source\Input.h">
      <Filter>General</Filter>
    </ClInclude>
    <ClInclude Include="Source\Map.h">
      <Filter>Uncategorized</Filter>
    </ClInclude>
    <ClInclude Include="Source\Game.h">
      <Filter>Uncategorized</Filter>
    </ClInclude>
    <ClInclude Include="Source\Application.h">
      <Filter>Uncategorized</Filter>
    </ClInclude>
    <ClInclude Include="Source\Camera.h">
      <Filter>Uncategorized</Filter>
    </ClInclude>
    <ClInclude Include="Source\Scenes\SceneStageSelect.h">
      <Filter>Scenes</Filter>
    </ClInclude>
    <ClInclude Include="Source\GameObjects\Enemy.h">
      <Filter>GameObjects\Enemys</Filter>
    </ClInclude>
    <ClInclude Include="Source\GameObjects\FlyEnemy.h">
      <Filter>GameObjects\Enemys</Filter>
    </ClInclude>
    <ClInclude Include="Source\GameObjects\JumpEnemy.h">
      <Filter>GameObjects\Enemys</Filter>
    </ClInclude>
    <ClInclude Include="Source\GameObjects\WalkEnemy.h">
      <Filter>GameObjects\Enemys</Filter>
    </ClInclude>
    <ClInclude Include="Source\GameObjects\Item.h">
      <Filter>GameObjects</Filter>
    </ClInclude>
    <ClInclude Include="Source\GameObjects\Gimmick.h">
      <Filter>GameObjects\Gimmicks</Filter>
    </ClInclude>
    <ClInclude Include="Source\GameObjects\Laser.h">
      <Filter>GameObjects\Gimmicks</Filter>
    </ClInclude>
    <ClInclude Include="Source\Scenes\SceneClear.h">
      <Filter>Scenes</Filter>
    </ClInclude>
    <ClInclude Include="Source\GameObjects\ClearFlag.h">
      <Filter>GameObjects</Filter>
    </ClInclude>
    <ClInclude Include="Source\GameObjects\Boss.h">
      <Filter>GameObjects\Enemys</Filter>
    </ClInclude>
    <ClInclude Include="Source\Scenes\SceneGameOver.h">
      <Filter>Scenes</Filter>
    </ClInclude>
    <ClInclude Include="Source\HPUI.h" />
    <ClInclude Include="Source\Bg.h" />
    <ClInclude Include="Source\BossHPUI.h" />
    <ClInclude Include="Source\EnemyManager.h" />
    <ClInclude Include="Source\Fade.h" />
    <ClInclude Include="Source\GameObjects\Player.h">
      <Filter>GameObjects</Filter>
    </ClInclude>
  </ItemGroup>
</Project>