<?xml version="1.0" encoding="utf-8"?>
<Project ToolsVersion="4.0" xmlns="http://schemas.microsoft.com/developer/msbuild/2003">
  <ItemGroup>
    <Filter Include="ソース ファイル">
      <UniqueIdentifier>{4FC737F1-C7A5-4376-A066-2A32D752A2FF}</UniqueIdentifier>
      <Extensions>cpp;c;cc;cxx;c++;cppm;ixx;def;odl;idl;hpj;bat;asm;asmx</Extensions>
    </Filter>
    <Filter Include="ヘッダー ファイル">
      <UniqueIdentifier>{93995380-89BD-4b04-88EB-625FBE52EBFB}</UniqueIdentifier>
      <Extensions>h;hh;hpp;hxx;h++;hm;inl;inc;ipp;xsd</Extensions>
    </Filter>
    <Filter Include="リソース ファイル">
      <UniqueIdentifier>{67DA6AB6-F800-4c08-8B7A-83BB121AAD01}</UniqueIdentifier>
      <Extensions>rc;ico;cur;bmp;dlg;rc2;rct;bin;rgs;gif;jpg;jpeg;jpe;resx;tiff;tif;png;wav;mfcribbon-ms</Extensions>
    </Filter>
    <Filter Include="GameObjects">
      <UniqueIdentifier>{455f0d31-5d76-45ef-b087-b0f9a5e5b735}</UniqueIdentifier>
    </Filter>
    <Filter Include="Scenes">
      <UniqueIdentifier>{cd89a558-8baa-458c-bf64-1948398e3eb3}</UniqueIdentifier>
    </Filter>
    <Filter Include="General">
      <UniqueIdentifier>{e4d11fd0-6ad7-494c-b984-f9141ee88cda}</UniqueIdentifier>
    </Filter>
  </ItemGroup>
  <ItemGroup>
    <ClCompile Include="main.cpp">
      <Filter>ソース ファイル</Filter>
    </ClCompile>
    <ClCompile Include="Application.cpp">
      <Filter>ソース ファイル</Filter>
    </ClCompile>
    <ClCompile Include="Bullet.cpp">
      <Filter>GameObjects</Filter>
    </ClCompile>
    <ClCompile Include="WalkEnemy.cpp">
      <Filter>GameObjects</Filter>
    </ClCompile>
    <ClCompile Include="Player.cpp">
      <Filter>GameObjects</Filter>
    </ClCompile>
    <ClCompile Include="GameObject.cpp">
      <Filter>GameObjects</Filter>
    </ClCompile>
    <ClCompile Include="Enemy.cpp">
      <Filter>GameObjects</Filter>
    </ClCompile>
    <ClCompile Include="SceneTitle.cpp">
      <Filter>Scenes</Filter>
    </ClCompile>
    <ClCompile Include="SceneManager.cpp">
      <Filter>Scenes</Filter>
    </ClCompile>
    <ClCompile Include="SceneMain.cpp">
      <Filter>Scenes</Filter>
    </ClCompile>
    <ClCompile Include="SceneBase.cpp">
      <Filter>Scenes</Filter>
    </ClCompile>
    <ClCompile Include="BoxCollider.cpp">
      <Filter>General</Filter>
    </ClCompile>
    <ClCompile Include="CircleCollider.cpp">
      <Filter>General</Filter>
    </ClCompile>
    <ClCompile Include="Collider.cpp">
      <Filter>General</Filter>
    </ClCompile>
    <ClCompile Include="Geometry.cpp">
      <Filter>General</Filter>
    </ClCompile>
    <ClCompile Include="Input.cpp">
      <Filter>General</Filter>
    </ClCompile>
    <ClCompile Include="Animation.cpp">
      <Filter>General</Filter>
    </ClCompile>
  </ItemGroup>
  <ItemGroup>
    <ClInclude Include="Game.h">
      <Filter>ヘッダー ファイル</Filter>
    </ClInclude>
    <ClInclude Include="Application.h">
      <Filter>ヘッダー ファイル</Filter>
    </ClInclude>
    <ClInclude Include="Input.h">
      <Filter>ヘッダー ファイル</Filter>
    </ClInclude>
    <ClInclude Include="Bullet.h">
      <Filter>GameObjects</Filter>
    </ClInclude>
    <ClInclude Include="Enemy.h">
      <Filter>GameObjects</Filter>
    </ClInclude>
    <ClInclude Include="GameObject.h">
      <Filter>GameObjects</Filter>
    </ClInclude>
    <ClInclude Include="Player.h">
      <Filter>GameObjects</Filter>
    </ClInclude>
    <ClInclude Include="WalkEnemy.h">
      <Filter>GameObjects</Filter>
    </ClInclude>
    <ClInclude Include="SceneTitle.h">
      <Filter>Scenes</Filter>
    </ClInclude>
    <ClInclude Include="SceneManager.h">
      <Filter>Scenes</Filter>
    </ClInclude>
    <ClInclude Include="SceneMain.h">
      <Filter>Scenes</Filter>
    </ClInclude>
    <ClInclude Include="SceneBase.h">
      <Filter>Scenes</Filter>
    </ClInclude>
    <ClInclude Include="BoxCollider.h">
      <Filter>General</Filter>
    </ClInclude>
    <ClInclude Include="CircleCollider.h">
      <Filter>General</Filter>
    </ClInclude>
    <ClInclude Include="Collider.h">
      <Filter>General</Filter>
    </ClInclude>
    <ClInclude Include="Geometry.h">
      <Filter>General</Filter>
    </ClInclude>
    <ClInclude Include="Animation.h">
      <Filter>General</Filter>
    </ClInclude>
  </ItemGroup>
</Project>